// !$*UTF8*$!
{
	archiveVersion = 1;
	classes = {
	};
	objectVersion = 46;
	objects = {

/* Begin PBXBuildFile section */
		E408CAC9157DA5BB0066CC5C /* UIImage+RoundedCorner.h in Headers */ = {isa = PBXBuildFile; fileRef = E408CAC7157DA5BB0066CC5C /* UIImage+RoundedCorner.h */; };
		E408CACA157DA5BB0066CC5C /* UIImage+RoundedCorner.m in Sources */ = {isa = PBXBuildFile; fileRef = E408CAC8157DA5BB0066CC5C /* UIImage+RoundedCorner.m */; };
		E408CACE157DA5C30066CC5C /* UIImage+Alpha.h in Headers */ = {isa = PBXBuildFile; fileRef = E408CACC157DA5C30066CC5C /* UIImage+Alpha.h */; };
		E408CACF157DA5C30066CC5C /* UIImage+Alpha.m in Sources */ = {isa = PBXBuildFile; fileRef = E408CACD157DA5C30066CC5C /* UIImage+Alpha.m */; };
		E43C53D814F8067D00A056C0 /* NSArray+Functional.h in Headers */ = {isa = PBXBuildFile; fileRef = E43C53D614F8067D00A056C0 /* NSArray+Functional.h */; };
		E43C53D914F8067D00A056C0 /* NSArray+Functional.m in Sources */ = {isa = PBXBuildFile; fileRef = E43C53D714F8067D00A056C0 /* NSArray+Functional.m */; };
		E43C53FC14F80ED200A056C0 /* NSNumberFormatter+Style.h in Headers */ = {isa = PBXBuildFile; fileRef = E43C53FA14F80ED200A056C0 /* NSNumberFormatter+Style.h */; };
		E43C53FD14F80ED200A056C0 /* NSNumberFormatter+Style.m in Sources */ = {isa = PBXBuildFile; fileRef = E43C53FB14F80ED200A056C0 /* NSNumberFormatter+Style.m */; };
		E4ACE8D81508992400EB6FFF /* UIView+Util.h in Headers */ = {isa = PBXBuildFile; fileRef = E4ACE8D61508992400EB6FFF /* UIView+Util.h */; };
		E4ACE8D91508992400EB6FFF /* UIView+Util.m in Sources */ = {isa = PBXBuildFile; fileRef = E4ACE8D71508992400EB6FFF /* UIView+Util.m */; };
		E4ACE8DC1508995700EB6FFF /* QuartzCore.framework in Frameworks */ = {isa = PBXBuildFile; fileRef = E4ACE8DB1508995700EB6FFF /* QuartzCore.framework */; };
		E4CFC70814F70C470077D135 /* NSNumber+Factory.h in Headers */ = {isa = PBXBuildFile; fileRef = E4CFC70614F70C470077D135 /* NSNumber+Factory.h */; };
		E4CFC70914F70C470077D135 /* NSNumber+Factory.m in Sources */ = {isa = PBXBuildFile; fileRef = E4CFC70714F70C470077D135 /* NSNumber+Factory.m */; };
		E4E0394314F5DB3A0094A836 /* Foundation.framework in Frameworks */ = {isa = PBXBuildFile; fileRef = E4E0394214F5DB3A0094A836 /* Foundation.framework */; };
		E4E0395014F5DB970094A836 /* UIKit.framework in Frameworks */ = {isa = PBXBuildFile; fileRef = E4E0394F14F5DB970094A836 /* UIKit.framework */; };
		E4E0395214F5DBEF0094A838 /* AETypes.h in Headers */ = {isa = PBXBuildFile; fileRef = E4E0395214F5DBEF0094A837 /* AETypes.h */; };
		E4E0395214F5DBEF0094A83A /* UIView+Position.m in Sources */ = {isa = PBXBuildFile; fileRef = E4E0395214F5DBEF0094A839 /* UIView+Position.m */; };
		E4E0395214F5DBEF0094A83C /* UIView+Position.h in Headers */ = {isa = PBXBuildFile; fileRef = E4E0395214F5DBEF0094A83B /* UIView+Position.h */; };
		E4E0395214F5DBEF0094A83F /* UIControl+Blocks.m in Sources */ = {isa = PBXBuildFile; fileRef = E4E0395214F5DBEF0094A83E /* UIControl+Blocks.m */; };
		E4E0395214F5DBEF0094A841 /* UIControl+Blocks.h in Headers */ = {isa = PBXBuildFile; fileRef = E4E0395214F5DBEF0094A840 /* UIControl+Blocks.h */; };
		E4E0395214F5DBEF0094A843 /* AppExtensions.h in Headers */ = {isa = PBXBuildFile; fileRef = E4E0395214F5DBEF0094A842 /* AppExtensions.h */; };
		E4E0395214F5DBEF0094A846 /* UIImage+Resize.h in Headers */ = {isa = PBXBuildFile; fileRef = E4E0395214F5DBEF0094A845 /* UIImage+Resize.h */; };
		E4E0395214F5DBEF0094A848 /* UIImage+Resize.m in Sources */ = {isa = PBXBuildFile; fileRef = E4E0395214F5DBEF0094A847 /* UIImage+Resize.m */; };
		E4E0395214F5DBEF0094A84B /* UIColor+Factory.m in Sources */ = {isa = PBXBuildFile; fileRef = E4E0395214F5DBEF0094A84A /* UIColor+Factory.m */; };
		E4E0395214F5DBEF0094A84D /* UIColor+Factory.h in Headers */ = {isa = PBXBuildFile; fileRef = E4E0395214F5DBEF0094A84C /* UIColor+Factory.h */; };
		E4E0395214F5DBEF0094A850 /* NSJSONSerialization+Factory.m in Sources */ = {isa = PBXBuildFile; fileRef = E4E0395214F5DBEF0094A84F /* NSJSONSerialization+Factory.m */; };
		E4E0395214F5DBEF0094A852 /* NSJSONSerialization+Factory.h in Headers */ = {isa = PBXBuildFile; fileRef = E4E0395214F5DBEF0094A851 /* NSJSONSerialization+Factory.h */; };
		E4E0395214F5DBEF0094A855 /* UIGestureRecognizer+Blocks.h in Headers */ = {isa = PBXBuildFile; fileRef = E4E0395214F5DBEF0094A854 /* UIGestureRecognizer+Blocks.h */; };
		E4E0395214F5DBEF0094A857 /* UIGestureRecognizer+Blocks.m in Sources */ = {isa = PBXBuildFile; fileRef = E4E0395214F5DBEF0094A856 /* UIGestureRecognizer+Blocks.m */; };
		E4E0395214F5DBEF0094A859 /* NSArray+Util.m in Sources */ = {isa = PBXBuildFile; fileRef = E4E0395214F5DBEF0094A858 /* NSArray+Util.m */; };
		E4E0395214F5DBEF0094A85B /* NSArray+Util.h in Headers */ = {isa = PBXBuildFile; fileRef = E4E0395214F5DBEF0094A85A /* NSArray+Util.h */; };
		E4E0395214F5DBEF0094A85E /* UIAlertView+Factory.m in Sources */ = {isa = PBXBuildFile; fileRef = E4E0395214F5DBEF0094A85D /* UIAlertView+Factory.m */; };
		E4E0395214F5DBEF0094A860 /* UIAlertView+Factory.h in Headers */ = {isa = PBXBuildFile; fileRef = E4E0395214F5DBEF0094A85F /* UIAlertView+Factory.h */; };
/* End PBXBuildFile section */

/* Begin PBXFileReference section */
		E408CAC7157DA5BB0066CC5C /* UIImage+RoundedCorner.h */ = {isa = PBXFileReference; fileEncoding = 4; lastKnownFileType = sourcecode.c.h; path = "UIImage+RoundedCorner.h"; sourceTree = "<group>"; };
		E408CAC8157DA5BB0066CC5C /* UIImage+RoundedCorner.m */ = {isa = PBXFileReference; fileEncoding = 4; lastKnownFileType = sourcecode.c.objc; path = "UIImage+RoundedCorner.m"; sourceTree = "<group>"; };
		E408CACC157DA5C30066CC5C /* UIImage+Alpha.h */ = {isa = PBXFileReference; fileEncoding = 4; lastKnownFileType = sourcecode.c.h; path = "UIImage+Alpha.h"; sourceTree = "<group>"; };
		E408CACD157DA5C30066CC5C /* UIImage+Alpha.m */ = {isa = PBXFileReference; fileEncoding = 4; lastKnownFileType = sourcecode.c.objc; path = "UIImage+Alpha.m"; sourceTree = "<group>"; };
		E43C53D614F8067D00A056C0 /* NSArray+Functional.h */ = {isa = PBXFileReference; fileEncoding = 4; lastKnownFileType = sourcecode.c.h; path = "NSArray+Functional.h"; sourceTree = "<group>"; };
		E43C53D714F8067D00A056C0 /* NSArray+Functional.m */ = {isa = PBXFileReference; fileEncoding = 4; lastKnownFileType = sourcecode.c.objc; path = "NSArray+Functional.m"; sourceTree = "<group>"; };
		E43C53FA14F80ED200A056C0 /* NSNumberFormatter+Style.h */ = {isa = PBXFileReference; fileEncoding = 4; lastKnownFileType = sourcecode.c.h; path = "NSNumberFormatter+Style.h"; sourceTree = "<group>"; };
		E43C53FB14F80ED200A056C0 /* NSNumberFormatter+Style.m */ = {isa = PBXFileReference; fileEncoding = 4; lastKnownFileType = sourcecode.c.objc; path = "NSNumberFormatter+Style.m"; sourceTree = "<group>"; };
		E4ACE8D61508992400EB6FFF /* UIView+Util.h */ = {isa = PBXFileReference; fileEncoding = 4; lastKnownFileType = sourcecode.c.h; path = "UIView+Util.h"; sourceTree = "<group>"; };
		E4ACE8D71508992400EB6FFF /* UIView+Util.m */ = {isa = PBXFileReference; fileEncoding = 4; lastKnownFileType = sourcecode.c.objc; path = "UIView+Util.m"; sourceTree = "<group>"; };
		E4ACE8DB1508995700EB6FFF /* QuartzCore.framework */ = {isa = PBXFileReference; lastKnownFileType = wrapper.framework; name = QuartzCore.framework; path = System/Library/Frameworks/QuartzCore.framework; sourceTree = SDKROOT; };
		E4CFC70614F70C470077D135 /* NSNumber+Factory.h */ = {isa = PBXFileReference; fileEncoding = 4; lastKnownFileType = sourcecode.c.h; path = "NSNumber+Factory.h"; sourceTree = "<group>"; };
		E4CFC70714F70C470077D135 /* NSNumber+Factory.m */ = {isa = PBXFileReference; fileEncoding = 4; lastKnownFileType = sourcecode.c.objc; path = "NSNumber+Factory.m"; sourceTree = "<group>"; };
		E4E0393F14F5DB3A0094A836 /* libAppExtensions.a */ = {isa = PBXFileReference; explicitFileType = archive.ar; includeInIndex = 0; path = libAppExtensions.a; sourceTree = BUILT_PRODUCTS_DIR; };
		E4E0394214F5DB3A0094A836 /* Foundation.framework */ = {isa = PBXFileReference; lastKnownFileType = wrapper.framework; name = Foundation.framework; path = System/Library/Frameworks/Foundation.framework; sourceTree = SDKROOT; };
		E4E0394614F5DB3A0094A836 /* AppExtensions-Prefix.pch */ = {isa = PBXFileReference; lastKnownFileType = sourcecode.c.h; name = "AppExtensions-Prefix.pch"; path = "../AppExtensions-Prefix.pch"; sourceTree = "<group>"; };
		E4E0394F14F5DB970094A836 /* UIKit.framework */ = {isa = PBXFileReference; lastKnownFileType = wrapper.framework; name = UIKit.framework; path = System/Library/Frameworks/UIKit.framework; sourceTree = SDKROOT; };
		E4E0395214F5DBEF0094A837 /* AETypes.h */ = {isa = PBXFileReference; fileEncoding = 4; lastKnownFileType = sourcecode.c.h; path = AETypes.h; sourceTree = "<group>"; };
		E4E0395214F5DBEF0094A839 /* UIView+Position.m */ = {isa = PBXFileReference; fileEncoding = 4; lastKnownFileType = sourcecode.c.objc; path = "UIView+Position.m"; sourceTree = "<group>"; };
		E4E0395214F5DBEF0094A83B /* UIView+Position.h */ = {isa = PBXFileReference; fileEncoding = 4; lastKnownFileType = sourcecode.c.h; path = "UIView+Position.h"; sourceTree = "<group>"; };
		E4E0395214F5DBEF0094A83E /* UIControl+Blocks.m */ = {isa = PBXFileReference; fileEncoding = 4; lastKnownFileType = sourcecode.c.objc; path = "UIControl+Blocks.m"; sourceTree = "<group>"; };
		E4E0395214F5DBEF0094A840 /* UIControl+Blocks.h */ = {isa = PBXFileReference; fileEncoding = 4; lastKnownFileType = sourcecode.c.h; path = "UIControl+Blocks.h"; sourceTree = "<group>"; };
		E4E0395214F5DBEF0094A842 /* AppExtensions.h */ = {isa = PBXFileReference; fileEncoding = 4; lastKnownFileType = sourcecode.c.h; path = AppExtensions.h; sourceTree = "<group>"; };
		E4E0395214F5DBEF0094A845 /* UIImage+Resize.h */ = {isa = PBXFileReference; fileEncoding = 4; lastKnownFileType = sourcecode.c.h; path = "UIImage+Resize.h"; sourceTree = "<group>"; };
		E4E0395214F5DBEF0094A847 /* UIImage+Resize.m */ = {isa = PBXFileReference; fileEncoding = 4; lastKnownFileType = sourcecode.c.objc; path = "UIImage+Resize.m"; sourceTree = "<group>"; };
		E4E0395214F5DBEF0094A84A /* UIColor+Factory.m */ = {isa = PBXFileReference; fileEncoding = 4; lastKnownFileType = sourcecode.c.objc; path = "UIColor+Factory.m"; sourceTree = "<group>"; };
		E4E0395214F5DBEF0094A84C /* UIColor+Factory.h */ = {isa = PBXFileReference; fileEncoding = 4; lastKnownFileType = sourcecode.c.h; path = "UIColor+Factory.h"; sourceTree = "<group>"; };
		E4E0395214F5DBEF0094A84F /* NSJSONSerialization+Factory.m */ = {isa = PBXFileReference; fileEncoding = 4; lastKnownFileType = sourcecode.c.objc; path = "NSJSONSerialization+Factory.m"; sourceTree = "<group>"; };
		E4E0395214F5DBEF0094A851 /* NSJSONSerialization+Factory.h */ = {isa = PBXFileReference; fileEncoding = 4; lastKnownFileType = sourcecode.c.h; path = "NSJSONSerialization+Factory.h"; sourceTree = "<group>"; };
		E4E0395214F5DBEF0094A854 /* UIGestureRecognizer+Blocks.h */ = {isa = PBXFileReference; fileEncoding = 4; lastKnownFileType = sourcecode.c.h; path = "UIGestureRecognizer+Blocks.h"; sourceTree = "<group>"; };
		E4E0395214F5DBEF0094A856 /* UIGestureRecognizer+Blocks.m */ = {isa = PBXFileReference; fileEncoding = 4; lastKnownFileType = sourcecode.c.objc; path = "UIGestureRecognizer+Blocks.m"; sourceTree = "<group>"; };
		E4E0395214F5DBEF0094A858 /* NSArray+Util.m */ = {isa = PBXFileReference; fileEncoding = 4; lastKnownFileType = sourcecode.c.objc; path = "NSArray+Util.m"; sourceTree = "<group>"; };
		E4E0395214F5DBEF0094A85A /* NSArray+Util.h */ = {isa = PBXFileReference; fileEncoding = 4; lastKnownFileType = sourcecode.c.h; path = "NSArray+Util.h"; sourceTree = "<group>"; };
		E4E0395214F5DBEF0094A85D /* UIAlertView+Factory.m */ = {isa = PBXFileReference; fileEncoding = 4; lastKnownFileType = sourcecode.c.objc; path = "UIAlertView+Factory.m"; sourceTree = "<group>"; };
		E4E0395214F5DBEF0094A85F /* UIAlertView+Factory.h */ = {isa = PBXFileReference; fileEncoding = 4; lastKnownFileType = sourcecode.c.h; path = "UIAlertView+Factory.h"; sourceTree = "<group>"; };
/* End PBXFileReference section */

/* Begin PBXFrameworksBuildPhase section */
		E4E0393C14F5DB3A0094A836 /* Frameworks */ = {
			isa = PBXFrameworksBuildPhase;
			buildActionMask = 2147483647;
			files = (
				E4ACE8DC1508995700EB6FFF /* QuartzCore.framework in Frameworks */,
				E4E0395014F5DB970094A836 /* UIKit.framework in Frameworks */,
				E4E0394314F5DB3A0094A836 /* Foundation.framework in Frameworks */,
			);
			runOnlyForDeploymentPostprocessing = 0;
		};
/* End PBXFrameworksBuildPhase section */

/* Begin PBXGroup section */
		E43C53D414F8065B00A056C0 /* NSArray */ = {
			isa = PBXGroup;
			children = (
				E4E0395214F5DBEF0094A85A /* NSArray+Util.h */,
				E4E0395214F5DBEF0094A858 /* NSArray+Util.m */,
				E43C53D614F8067D00A056C0 /* NSArray+Functional.h */,
				E43C53D714F8067D00A056C0 /* NSArray+Functional.m */,
			);
			path = NSArray;
			sourceTree = "<group>";
		};
		E43C53DE14F80C9200A056C0 /* NSNumberFormatter */ = {
			isa = PBXGroup;
			children = (
				E43C53FA14F80ED200A056C0 /* NSNumberFormatter+Style.h */,
				E43C53FB14F80ED200A056C0 /* NSNumberFormatter+Style.m */,
			);
			path = NSNumberFormatter;
			sourceTree = "<group>";
		};
		E4CFC70414F70C1E0077D135 /* NSNumber */ = {
			isa = PBXGroup;
			children = (
				E4CFC70614F70C470077D135 /* NSNumber+Factory.h */,
				E4CFC70714F70C470077D135 /* NSNumber+Factory.m */,
			);
			path = NSNumber;
			sourceTree = "<group>";
		};
		E4E0393414F5DB3A0094A836 = {
			isa = PBXGroup;
			children = (
				E4E0394514F5DB3A0094A836 /* Supporting Files */,
				E4E0394414F5DB3A0094A836 /* AppExtensions */,
				E4E0394114F5DB3A0094A836 /* Frameworks */,
				E4E0394014F5DB3A0094A836 /* Products */,
			);
			sourceTree = "<group>";
		};
		E4E0394014F5DB3A0094A836 /* Products */ = {
			isa = PBXGroup;
			children = (
				E4E0393F14F5DB3A0094A836 /* libAppExtensions.a */,
			);
			name = Products;
			sourceTree = "<group>";
		};
		E4E0394114F5DB3A0094A836 /* Frameworks */ = {
			isa = PBXGroup;
			children = (
				E4ACE8DB1508995700EB6FFF /* QuartzCore.framework */,
				E4E0394F14F5DB970094A836 /* UIKit.framework */,
				E4E0394214F5DB3A0094A836 /* Foundation.framework */,
			);
			name = Frameworks;
			sourceTree = "<group>";
		};
		E4E0394414F5DB3A0094A836 /* AppExtensions */ = {
			isa = PBXGroup;
			children = (
				E4E0395214F5DBEF0094A842 /* AppExtensions.h */,
				E4E0395214F5DBEF0094A837 /* AETypes.h */,
				E43C53D414F8065B00A056C0 /* NSArray */,
				E4CFC70414F70C1E0077D135 /* NSNumber */,
				E43C53DE14F80C9200A056C0 /* NSNumberFormatter */,
				E4E0395214F5DBEF0094A83D /* UIControl */,
				E4E0395114F5DBDD0094A836 /* UIView */,
				E4E0395214F5DBEF0094A844 /* UIImage */,
				E4E0395214F5DBEF0094A849 /* UIColor */,
				E4E0395214F5DBEF0094A84E /* NSJSONSerialization */,
				E4E0395214F5DBEF0094A853 /* UIGestureRecognizer */,
				E4E0395214F5DBEF0094A85C /* UIAlertView */,
			);
			path = AppExtensions;
			sourceTree = "<group>";
		};
		E4E0394514F5DB3A0094A836 /* Supporting Files */ = {
			isa = PBXGroup;
			children = (
				E4E0394614F5DB3A0094A836 /* AppExtensions-Prefix.pch */,
			);
			name = "Supporting Files";
			path = AppExtensions;
			sourceTree = "<group>";
		};
		E4E0395114F5DBDD0094A836 /* UIView */ = {
			isa = PBXGroup;
			children = (
				E4ACE8D61508992400EB6FFF /* UIView+Util.h */,
				E4ACE8D71508992400EB6FFF /* UIView+Util.m */,
				E4E0395214F5DBEF0094A83B /* UIView+Position.h */,
				E4E0395214F5DBEF0094A839 /* UIView+Position.m */,
			);
			path = UIView;
			sourceTree = "<group>";
		};
		E4E0395214F5DBEF0094A83D /* UIControl */ = {
			isa = PBXGroup;
			children = (
				E4E0395214F5DBEF0094A840 /* UIControl+Blocks.h */,
				E4E0395214F5DBEF0094A83E /* UIControl+Blocks.m */,
			);
			path = UIControl;
			sourceTree = "<group>";
		};
		E4E0395214F5DBEF0094A844 /* UIImage */ = {
			isa = PBXGroup;
			children = (
				E408CACC157DA5C30066CC5C /* UIImage+Alpha.h */,
				E408CACD157DA5C30066CC5C /* UIImage+Alpha.m */,
				E408CAC7157DA5BB0066CC5C /* UIImage+RoundedCorner.h */,
				E408CAC8157DA5BB0066CC5C /* UIImage+RoundedCorner.m */,
				E4E0395214F5DBEF0094A845 /* UIImage+Resize.h */,
				E4E0395214F5DBEF0094A847 /* UIImage+Resize.m */,
			);
			path = UIImage;
			sourceTree = "<group>";
		};
		E4E0395214F5DBEF0094A849 /* UIColor */ = {
			isa = PBXGroup;
			children = (
				E4E0395214F5DBEF0094A84C /* UIColor+Factory.h */,
				E4E0395214F5DBEF0094A84A /* UIColor+Factory.m */,
			);
			path = UIColor;
			sourceTree = "<group>";
		};
		E4E0395214F5DBEF0094A84E /* NSJSONSerialization */ = {
			isa = PBXGroup;
			children = (
				E4E0395214F5DBEF0094A851 /* NSJSONSerialization+Factory.h */,
				E4E0395214F5DBEF0094A84F /* NSJSONSerialization+Factory.m */,
			);
			path = NSJSONSerialization;
			sourceTree = "<group>";
		};
		E4E0395214F5DBEF0094A853 /* UIGestureRecognizer */ = {
			isa = PBXGroup;
			children = (
				E4E0395214F5DBEF0094A856 /* UIGestureRecognizer+Blocks.m */,
				E4E0395214F5DBEF0094A854 /* UIGestureRecognizer+Blocks.h */,
			);
			path = UIGestureRecognizer;
			sourceTree = "<group>";
		};
		E4E0395214F5DBEF0094A85C /* UIAlertView */ = {
			isa = PBXGroup;
			children = (
				E4E0395214F5DBEF0094A85F /* UIAlertView+Factory.h */,
				E4E0395214F5DBEF0094A85D /* UIAlertView+Factory.m */,
			);
			path = UIAlertView;
			sourceTree = "<group>";
		};
/* End PBXGroup section */

/* Begin PBXHeadersBuildPhase section */
		E4E0393D14F5DB3A0094A836 /* Headers */ = {
			isa = PBXHeadersBuildPhase;
			buildActionMask = 2147483647;
			files = (
				E4E0395214F5DBEF0094A838 /* AETypes.h in Headers */,
				E4E0395214F5DBEF0094A83C /* UIView+Position.h in Headers */,
				E4E0395214F5DBEF0094A841 /* UIControl+Blocks.h in Headers */,
				E4E0395214F5DBEF0094A843 /* AppExtensions.h in Headers */,
				E4CFC70814F70C470077D135 /* NSNumber+Factory.h in Headers */,
				E43C53D814F8067D00A056C0 /* NSArray+Functional.h in Headers */,
				E43C53FC14F80ED200A056C0 /* NSNumberFormatter+Style.h in Headers */,
				E4E0395214F5DBEF0094A846 /* UIImage+Resize.h in Headers */,
				E4E0395214F5DBEF0094A84D /* UIColor+Factory.h in Headers */,
				E4ACE8D81508992400EB6FFF /* UIView+Util.h in Headers */,
				E4E0395214F5DBEF0094A852 /* NSJSONSerialization+Factory.h in Headers */,
				E4E0395214F5DBEF0094A855 /* UIGestureRecognizer+Blocks.h in Headers */,
				E408CAC9157DA5BB0066CC5C /* UIImage+RoundedCorner.h in Headers */,
				E408CACE157DA5C30066CC5C /* UIImage+Alpha.h in Headers */,
				E4E0395214F5DBEF0094A85B /* NSArray+Util.h in Headers */,
				E4E0395214F5DBEF0094A860 /* UIAlertView+Factory.h in Headers */,
			);
			runOnlyForDeploymentPostprocessing = 0;
		};
/* End PBXHeadersBuildPhase section */

/* Begin PBXNativeTarget section */
		E4E0393E14F5DB3A0094A836 /* AppExtensions */ = {
			isa = PBXNativeTarget;
			buildConfigurationList = E4E0394C14F5DB3A0094A836 /* Build configuration list for PBXNativeTarget "AppExtensions" */;
			buildPhases = (
				E4E0393B14F5DB3A0094A836 /* Sources */,
				E4E0393C14F5DB3A0094A836 /* Frameworks */,
				E4E0393D14F5DB3A0094A836 /* Headers */,
			);
			buildRules = (
			);
			dependencies = (
			);
			name = AppExtensions;
			productName = AppExtensions;
			productReference = E4E0393F14F5DB3A0094A836 /* libAppExtensions.a */;
			productType = "com.apple.product-type.library.static";
		};
/* End PBXNativeTarget section */

/* Begin PBXProject section */
		E4E0393614F5DB3A0094A836 /* Project object */ = {
			isa = PBXProject;
			attributes = {
				LastUpgradeCheck = 0420;
				ORGANIZATIONNAME = "Applied Constraints";
			};
			buildConfigurationList = E4E0393914F5DB3A0094A836 /* Build configuration list for PBXProject "AppExtensions" */;
			compatibilityVersion = "Xcode 3.2";
			developmentRegion = English;
			hasScannedForEncodings = 0;
			knownRegions = (
				en,
			);
			mainGroup = E4E0393414F5DB3A0094A836;
			productRefGroup = E4E0394014F5DB3A0094A836 /* Products */;
			projectDirPath = "";
			projectRoot = "";
			targets = (
				E4E0393E14F5DB3A0094A836 /* AppExtensions */,
			);
		};
/* End PBXProject section */

/* Begin PBXSourcesBuildPhase section */
		E4E0393B14F5DB3A0094A836 /* Sources */ = {
			isa = PBXSourcesBuildPhase;
			buildActionMask = 2147483647;
			files = (
				E4E0395214F5DBEF0094A83A /* UIView+Position.m in Sources */,
				E4E0395214F5DBEF0094A83F /* UIControl+Blocks.m in Sources */,
				E4CFC70914F70C470077D135 /* NSNumber+Factory.m in Sources */,
				E43C53D914F8067D00A056C0 /* NSArray+Functional.m in Sources */,
				E43C53FD14F80ED200A056C0 /* NSNumberFormatter+Style.m in Sources */,
				E4E0395214F5DBEF0094A848 /* UIImage+Resize.m in Sources */,
				E4E0395214F5DBEF0094A84B /* UIColor+Factory.m in Sources */,
				E4ACE8D91508992400EB6FFF /* UIView+Util.m in Sources */,
				E4E0395214F5DBEF0094A850 /* NSJSONSerialization+Factory.m in Sources */,
				E4E0395214F5DBEF0094A857 /* UIGestureRecognizer+Blocks.m in Sources */,
				E408CACA157DA5BB0066CC5C /* UIImage+RoundedCorner.m in Sources */,
				E408CACF157DA5C30066CC5C /* UIImage+Alpha.m in Sources */,
				E4E0395214F5DBEF0094A859 /* NSArray+Util.m in Sources */,
				E4E0395214F5DBEF0094A85E /* UIAlertView+Factory.m in Sources */,
			);
			runOnlyForDeploymentPostprocessing = 0;
		};
/* End PBXSourcesBuildPhase section */

/* Begin XCBuildConfiguration section */
		E4E0394A14F5DB3A0094A836 /* Debug */ = {
			isa = XCBuildConfiguration;
			buildSettings = {
				ALWAYS_SEARCH_USER_PATHS = NO;
				ARCHS = "$(ARCHS_STANDARD_32_BIT)";
				CLANG_ENABLE_OBJC_ARC = YES;
				COPY_PHASE_STRIP = NO;
				GCC_C_LANGUAGE_STANDARD = gnu99;
				GCC_DYNAMIC_NO_PIC = NO;
				GCC_OPTIMIZATION_LEVEL = 0;
				GCC_PREPROCESSOR_DEFINITIONS = (
					"DEBUG=1",
					"$(inherited)",
				);
				GCC_SYMBOLS_PRIVATE_EXTERN = NO;
				GCC_VERSION = com.apple.compilers.llvm.clang.1_0;
				GCC_WARN_ABOUT_MISSING_PROTOTYPES = YES;
				GCC_WARN_ABOUT_RETURN_TYPE = YES;
				GCC_WARN_UNUSED_VARIABLE = YES;
				IPHONEOS_DEPLOYMENT_TARGET = 5.0;
				SDKROOT = iphoneos;
			};
			name = Debug;
		};
		E4E0394B14F5DB3A0094A836 /* Release */ = {
			isa = XCBuildConfiguration;
			buildSettings = {
				ALWAYS_SEARCH_USER_PATHS = NO;
				ARCHS = "$(ARCHS_STANDARD_32_BIT)";
				CLANG_ENABLE_OBJC_ARC = YES;
				COPY_PHASE_STRIP = YES;
				GCC_C_LANGUAGE_STANDARD = gnu99;
				GCC_VERSION = com.apple.compilers.llvm.clang.1_0;
				GCC_WARN_ABOUT_MISSING_PROTOTYPES = YES;
				GCC_WARN_ABOUT_RETURN_TYPE = YES;
				GCC_WARN_UNUSED_VARIABLE = YES;
				IPHONEOS_DEPLOYMENT_TARGET = 5.0;
				SDKROOT = iphoneos;
				VALIDATE_PRODUCT = YES;
			};
			name = Release;
		};
		E4E0394D14F5DB3A0094A836 /* Debug */ = {
			isa = XCBuildConfiguration;
			buildSettings = {
				CLANG_ENABLE_OBJC_ARC = NO;
				CLANG_WARN_OBJCPP_ARC_ABI = YES;
				DSTROOT = /tmp/AppExtensions.dst;
				GCC_PRECOMPILE_PREFIX_HEADER = YES;
				GCC_PREFIX_HEADER = "AppExtensions-Prefix.pch";
				OTHER_LDFLAGS = "-ObjC";
				PRODUCT_NAME = "$(TARGET_NAME)";
				SKIP_INSTALL = YES;
			};
			name = Debug;
		};
		E4E0394E14F5DB3A0094A836 /* Release */ = {
			isa = XCBuildConfiguration;
			buildSettings = {
				CLANG_ENABLE_OBJC_ARC = NO;
				CLANG_WARN_OBJCPP_ARC_ABI = YES;
				DSTROOT = /tmp/AppExtensions.dst;
				GCC_PRECOMPILE_PREFIX_HEADER = YES;
				GCC_PREFIX_HEADER = "AppExtensions-Prefix.pch";
				OTHER_LDFLAGS = "-ObjC";
				PRODUCT_NAME = "$(TARGET_NAME)";
				SKIP_INSTALL = YES;
			};
			name = Release;
		};
/* End XCBuildConfiguration section */

/* Begin XCConfigurationList section */
		E4E0393914F5DB3A0094A836 /* Build configuration list for PBXProject "AppExtensions" */ = {
			isa = XCConfigurationList;
			buildConfigurations = (
				E4E0394A14F5DB3A0094A836 /* Debug */,
				E4E0394B14F5DB3A0094A836 /* Release */,
			);
			defaultConfigurationIsVisible = 0;
			defaultConfigurationName = Release;
		};
		E4E0394C14F5DB3A0094A836 /* Build configuration list for PBXNativeTarget "AppExtensions" */ = {
			isa = XCConfigurationList;
			buildConfigurations = (
				E4E0394D14F5DB3A0094A836 /* Debug */,
				E4E0394E14F5DB3A0094A836 /* Release */,
			);
			defaultConfigurationIsVisible = 0;
			defaultConfigurationName = Release;
		};
/* End XCConfigurationList section */
	};
	rootObject = E4E0393614F5DB3A0094A836 /* Project object */;
}
